memo = "6b6f8c92eb25679cb8eecb13295a814efaf2a83e6c7a53f7e75abe697d7ddeba"

[[projects]]
  branch = "master"
  name = "github.com/01org/ciao"
  packages = ["qemu","ssntp/uuid"]
  revision = "a16660bbedd1aa3479b38a7b05b5812f7ece8114"

[[projects]]
  name = "github.com/BurntSushi/toml"
  packages = ["."]
  revision = "b26d9c308763d68093482582cea63d69be07a0f0"
  version = "v0.3.0"

[[projects]]
  branch = "master"
  name = "github.com/Sirupsen/logrus"
  packages = ["."]
  revision = "5b60b3d3ee017ed00bcd0225fcca7acab767844b"

[[projects]]
  name = "github.com/clearcontainers/proxy"
  packages = ["api","client"]
  revision = "398fd8b9d8d1e223fc7034ff4d7ab6db131fff30"

[[projects]]
  branch = "master"
  name = "github.com/containernetworking/cni"
  packages = ["libcni","pkg/invoke","pkg/ns","pkg/types","pkg/types/020","pkg/types/current","pkg/version"]
  revision = "b686cad062ec37a0af526fe535a21d731d2640b3"

[[projects]]
  branch = "master"
  name = "github.com/containers/virtcontainers"
  packages = [".","pkg/cni","pkg/hyperstart","pkg/oci"]
  revision = "028d87fb2c91768a53c6ece66b7baa94ca7deab0"

[[projects]]
  branch = "master"
  name = "github.com/mitchellh/mapstructure"
  packages = ["."]
  revision = "cc8532a8e9a55ea36402aa21efdf403a60d34096"

[[projects]]
  name = "github.com/opencontainers/runtime-spec"
  packages = ["specs-go"]
  revision = "a5c4e91dae9533c46a98f122b5085c0b3fe27ee4"

[[projects]]
  branch = "master"
  name = "github.com/urfave/cli"
  packages = ["."]
  revision = "ab403a54a148f2d857920810291539e1f817ee7b"

[[projects]]
  branch = "master"
  name = "github.com/vishvananda/netlink"
  packages = [".","nl"]
  revision = "1e045880fbc2f6703d3c771db56cfb0351208637"

[[projects]]
  branch = "master"
  name = "github.com/vishvananda/netns"
  packages = ["."]
  revision = "54f0e4339ce73702a0607f49922aaa1e749b418d"

[[projects]]
  branch = "master"
  name = "golang.org/x/crypto"
  packages = ["curve25519","ed25519","ed25519/internal/edwards25519","ssh"]
  revision = "5a033cc77e57eca05bdb50522851d29e03569cbe"

[[projects]]
  branch = "master"
  name = "golang.org/x/sys"
  packages = ["unix"]
  revision = "9ccfe848b9db8435a24c424abbc07a921adf1df5"
