memo = "3acb5b9124a33a8410d32701c38207f2fcc2c4eec005fd085331a65234904e28"

[[projects]]
  branch = "master"
  name = "github.com/01org/ciao"
  packages = ["qemu","ssntp/uuid"]
  revision = "a16660bbedd1aa3479b38a7b05b5812f7ece8114"

[[projects]]
  name = "github.com/BurntSushi/toml"
  packages = ["."]
  revision = "b26d9c308763d68093482582cea63d69be07a0f0"
  version = "v0.3.0"

[[projects]]
  branch = "master"
  name = "github.com/Sirupsen/logrus"
  packages = ["."]
  revision = "5e5dc898656f695e2a086b8e12559febbfc01562"

[[projects]]
  name = "github.com/clearcontainers/proxy"
  packages = ["api","client"]
  revision = "398fd8b9d8d1e223fc7034ff4d7ab6db131fff30"

[[projects]]
  branch = "master"
  name = "github.com/containernetworking/cni"
  packages = ["libcni","pkg/invoke","pkg/ns","pkg/types","pkg/types/020","pkg/types/current","pkg/version"]
  revision = "0ebcfe7ea32d5516c88c4bdc3db7cf0b30c98c7e"

[[projects]]
  branch = "master"
  name = "github.com/containers/virtcontainers"
  packages = [".","pkg/cni","pkg/hyperstart","pkg/oci"]
  revision = "bcd26936f5051d80384e71682620c8247a18d5bd"

[[projects]]
  name = "github.com/davecgh/go-spew"
  packages = ["spew"]
  revision = "346938d642f2ec3594ed81d874461961cd0faa76"
  version = "v1.1.0"

[[projects]]
  branch = "master"
  name = "github.com/mitchellh/mapstructure"
  packages = ["."]
  revision = "cc8532a8e9a55ea36402aa21efdf403a60d34096"

[[projects]]
  name = "github.com/opencontainers/runtime-spec"
  packages = ["specs-go"]
  revision = "035da1dca3dfbb00d752eb58b0b158d6129f3776"
  version = "v1.0.0-rc5"

[[projects]]
  name = "github.com/pmezard/go-difflib"
  packages = ["difflib"]
  revision = "792786c7400a136282c1664665ae0a8db921c6c2"
  version = "v1.0.0"

[[projects]]
  name = "github.com/stretchr/testify"
  packages = ["assert"]
  revision = "69483b4bd14f5845b5a1e55bca19e954e827f1d0"
  version = "v1.1.4"

[[projects]]
  branch = "master"
  name = "github.com/urfave/cli"
  packages = ["."]
  revision = "d70f47eeca3afd795160003bc6e28b001d60c67c"

[[projects]]
  branch = "master"
  name = "github.com/vishvananda/netlink"
  packages = [".","nl"]
  revision = "58c32ae2d72285baf322aaff05213c2fba8fb8a2"

[[projects]]
  branch = "master"
  name = "github.com/vishvananda/netns"
  packages = ["."]
  revision = "54f0e4339ce73702a0607f49922aaa1e749b418d"

[[projects]]
  branch = "master"
  name = "golang.org/x/crypto"
  packages = ["curve25519","ed25519","ed25519/internal/edwards25519","ssh"]
  revision = "ab89591268e0c8b748cbe4047b00197516011af5"

[[projects]]
  branch = "master"
  name = "golang.org/x/sys"
  packages = ["unix"]
  revision = "1e99a4f9d247b28c670884b9a8d6801f39a47b77"
